schema: '2.0'
stages:
  train:
    cmd: python3 src/create_w2v_model.py docs
    deps:
    - path: data/docs
      hash: md5
      md5: 85996337087e8952a0c5c82f87602596.dir
      size: 125413161
      nfiles: 583
    - path: data/wiki-news-300d-1M-subword.vec
      hash: md5
      md5: 1166bec175bdba1d5d3364fbcbc191bf
      size: 2256858740
    - path: src/create_w2v_model.py
      hash: md5
      md5: 4703cc8fbe119d304f1dc38deba44e2d
      size: 1913
    outs:
    - path: models/word2vec_model.bin
      hash: md5
      md5: 328a6cf9e4b067074037b1d0e3020610
      size: 32746955
    - path: models/word2vec_model.bin.syn1neg.npy
      hash: md5
      md5: 596d6cbd92ff7bc1ebeca079b5bbc572
      size: 2000286128
    - path: models/word2vec_model.bin.wv.vectors.npy
      hash: md5
      md5: 91527bb177f68c8cfba361f793d8643f
      size: 2000286128
