schema: '2.0'
stages:
  train:
    cmd: python3 src/create_w2v_model.py docs
    deps:
    - path: data/docs
      hash: md5
      md5: c8503cf12b505cac8d6adb3b6694277d.dir
      size: 127596334
      nfiles: 602
    - path: data/wiki-news-300d-1M-subword.vec
      hash: md5
      md5: 1166bec175bdba1d5d3364fbcbc191bf
      size: 2256858740
    - path: src/create_w2v_model.py
      hash: md5
      md5: c56f55efb5d0c7654e37a8e210fb847a
      size: 1823
    outs:
    - path: models/word2vec_model.bin
      hash: md5
      md5: 07f33406b00d9f93074d5a3b029722a6
      size: 32746955
    - path: models/word2vec_model.bin.syn1neg.npy
      hash: md5
      md5: ec0ecc26ac870a3ff8aae02efa30d5cb
      size: 2000286128
    - path: models/word2vec_model.bin.wv.vectors.npy
      hash: md5
      md5: 4e75dc9e6625b04a784fd3fb3306fed0
      size: 2000286128
